// !$*UTF8*$!
{
	archiveVersion = 1;
	classes = {
	};
	objectVersion = 55;
	objects = {

/* Begin PBXBuildFile section */
		9600988F27F54E11005AF4F0 /* FileFinder.swift in Sources */ = {isa = PBXBuildFile; fileRef = 9600988E27F54E11005AF4F0 /* FileFinder.swift */; };
		9600989127F55896005AF4F0 /* Date+YFAdd.swift in Sources */ = {isa = PBXBuildFile; fileRef = 9600989027F55896005AF4F0 /* Date+YFAdd.swift */; };
		9625CE9C27F29ABA001C0BCB /* StringFile.swift in Sources */ = {isa = PBXBuildFile; fileRef = 9625CE9B27F29ABA001C0BCB /* StringFile.swift */; };
		9625CE9E27F2AE55001C0BCB /* LanguageList.plist in Resources */ = {isa = PBXBuildFile; fileRef = 9625CE9D27F2AE55001C0BCB /* LanguageList.plist */; };
		963930E927F1A4230009CAC6 /* ITConstant.swift in Sources */ = {isa = PBXBuildFile; fileRef = 963930E827F1A4230009CAC6 /* ITConstant.swift */; };
		9662347C27F145B00036CD0F /* AppDelegate.swift in Sources */ = {isa = PBXBuildFile; fileRef = 9662347B27F145B00036CD0F /* AppDelegate.swift */; };
		9662347E27F145B00036CD0F /* ViewController.swift in Sources */ = {isa = PBXBuildFile; fileRef = 9662347D27F145B00036CD0F /* ViewController.swift */; };
		9662348027F145B50036CD0F /* Assets.xcassets in Resources */ = {isa = PBXBuildFile; fileRef = 9662347F27F145B50036CD0F /* Assets.xcassets */; };
		9662348327F145B50036CD0F /* Main.storyboard in Resources */ = {isa = PBXBuildFile; fileRef = 9662348127F145B50036CD0F /* Main.storyboard */; };
		9662348B27F149EC0036CD0F /* Parser.swift in Sources */ = {isa = PBXBuildFile; fileRef = 9662348A27F149EC0036CD0F /* Parser.swift */; };
		9662348D27F14BF70036CD0F /* File.swift in Sources */ = {isa = PBXBuildFile; fileRef = 9662348C27F14BF70036CD0F /* File.swift */; };
		9662349127F15A450036CD0F /* Translator.swift in Sources */ = {isa = PBXBuildFile; fileRef = 9662349027F15A450036CD0F /* Translator.swift */; };
/* End PBXBuildFile section */

/* Begin PBXFileReference section */
		9600988E27F54E11005AF4F0 /* FileFinder.swift */ = {isa = PBXFileReference; lastKnownFileType = sourcecode.swift; path = FileFinder.swift; sourceTree = "<group>"; };
		9600989027F55896005AF4F0 /* Date+YFAdd.swift */ = {isa = PBXFileReference; lastKnownFileType = sourcecode.swift; path = "Date+YFAdd.swift"; sourceTree = "<group>"; };
		9625CE9B27F29ABA001C0BCB /* StringFile.swift */ = {isa = PBXFileReference; lastKnownFileType = sourcecode.swift; path = StringFile.swift; sourceTree = "<group>"; };
		9625CE9D27F2AE55001C0BCB /* LanguageList.plist */ = {isa = PBXFileReference; lastKnownFileType = text.plist.xml; path = LanguageList.plist; sourceTree = "<group>"; };
		963930E827F1A4230009CAC6 /* ITConstant.swift */ = {isa = PBXFileReference; lastKnownFileType = sourcecode.swift; path = ITConstant.swift; sourceTree = "<group>"; };
		9662347827F145B00036CD0F /* IntlTranslator.app */ = {isa = PBXFileReference; explicitFileType = wrapper.application; includeInIndex = 0; path = IntlTranslator.app; sourceTree = BUILT_PRODUCTS_DIR; };
		9662347B27F145B00036CD0F /* AppDelegate.swift */ = {isa = PBXFileReference; lastKnownFileType = sourcecode.swift; path = AppDelegate.swift; sourceTree = "<group>"; };
		9662347D27F145B00036CD0F /* ViewController.swift */ = {isa = PBXFileReference; lastKnownFileType = sourcecode.swift; path = ViewController.swift; sourceTree = "<group>"; };
		9662347F27F145B50036CD0F /* Assets.xcassets */ = {isa = PBXFileReference; lastKnownFileType = folder.assetcatalog; path = Assets.xcassets; sourceTree = "<group>"; };
		9662348227F145B50036CD0F /* Base */ = {isa = PBXFileReference; lastKnownFileType = file.storyboard; name = Base; path = Base.lproj/Main.storyboard; sourceTree = "<group>"; };
		9662348427F145B50036CD0F /* IntlTranslator.entitlements */ = {isa = PBXFileReference; lastKnownFileType = text.plist.entitlements; path = IntlTranslator.entitlements; sourceTree = "<group>"; };
		9662348A27F149EC0036CD0F /* Parser.swift */ = {isa = PBXFileReference; lastKnownFileType = sourcecode.swift; path = Parser.swift; sourceTree = "<group>"; };
		9662348C27F14BF70036CD0F /* File.swift */ = {isa = PBXFileReference; lastKnownFileType = sourcecode.swift; path = File.swift; sourceTree = "<group>"; };
		9662349027F15A450036CD0F /* Translator.swift */ = {isa = PBXFileReference; lastKnownFileType = sourcecode.swift; path = Translator.swift; sourceTree = "<group>"; };
/* End PBXFileReference section */

/* Begin PBXFrameworksBuildPhase section */
		9662347527F145B00036CD0F /* Frameworks */ = {
			isa = PBXFrameworksBuildPhase;
			buildActionMask = 2147483647;
			files = (
			);
			runOnlyForDeploymentPostprocessing = 0;
		};
/* End PBXFrameworksBuildPhase section */

/* Begin PBXGroup section */
		9662346F27F145B00036CD0F = {
			isa = PBXGroup;
			children = (
				9662347A27F145B00036CD0F /* IntlTranslator */,
				9662347927F145B00036CD0F /* Products */,
			);
			sourceTree = "<group>";
		};
		9662347927F145B00036CD0F /* Products */ = {
			isa = PBXGroup;
			children = (
				9662347827F145B00036CD0F /* IntlTranslator.app */,
			);
			name = Products;
			sourceTree = "<group>";
		};
		9662347A27F145B00036CD0F /* IntlTranslator */ = {
			isa = PBXGroup;
			children = (
				9662347B27F145B00036CD0F /* AppDelegate.swift */,
				9662347D27F145B00036CD0F /* ViewController.swift */,
				9600988E27F54E11005AF4F0 /* FileFinder.swift */,
				9600989027F55896005AF4F0 /* Date+YFAdd.swift */,
				9625CE9B27F29ABA001C0BCB /* StringFile.swift */,
				9662349027F15A450036CD0F /* Translator.swift */,
				963930E827F1A4230009CAC6 /* ITConstant.swift */,
				9662348A27F149EC0036CD0F /* Parser.swift */,
				9662348C27F14BF70036CD0F /* File.swift */,
				9662347F27F145B50036CD0F /* Assets.xcassets */,
				9662348127F145B50036CD0F /* Main.storyboard */,
				9662348427F145B50036CD0F /* IntlTranslator.entitlements */,
				9625CE9D27F2AE55001C0BCB /* LanguageList.plist */,
			);
			path = IntlTranslator;
			sourceTree = "<group>";
		};
/* End PBXGroup section */

/* Begin PBXNativeTarget section */
		9662347727F145B00036CD0F /* IntlTranslator */ = {
			isa = PBXNativeTarget;
			buildConfigurationList = 9662348727F145B50036CD0F /* Build configuration list for PBXNativeTarget "IntlTranslator" */;
			buildPhases = (
				9662347427F145B00036CD0F /* Sources */,
				9662347527F145B00036CD0F /* Frameworks */,
				9662347627F145B00036CD0F /* Resources */,
			);
			buildRules = (
			);
			dependencies = (
			);
			name = IntlTranslator;
			productName = IntlTranslator;
			productReference = 9662347827F145B00036CD0F /* IntlTranslator.app */;
			productType = "com.apple.product-type.application";
		};
/* End PBXNativeTarget section */

/* Begin PBXProject section */
		9662347027F145B00036CD0F /* Project object */ = {
			isa = PBXProject;
			attributes = {
				BuildIndependentTargetsInParallel = 1;
				LastSwiftUpdateCheck = 1330;
				LastUpgradeCheck = 1330;
				TargetAttributes = {
					9662347727F145B00036CD0F = {
						CreatedOnToolsVersion = 13.3;
					};
				};
			};
			buildConfigurationList = 9662347327F145B00036CD0F /* Build configuration list for PBXProject "IntlTranslator" */;
			compatibilityVersion = "Xcode 13.0";
			developmentRegion = en;
			hasScannedForEncodings = 0;
			knownRegions = (
				en,
				Base,
			);
			mainGroup = 9662346F27F145B00036CD0F;
			productRefGroup = 9662347927F145B00036CD0F /* Products */;
			projectDirPath = "";
			projectRoot = "";
			targets = (
				9662347727F145B00036CD0F /* IntlTranslator */,
			);
		};
/* End PBXProject section */

/* Begin PBXResourcesBuildPhase section */
		9662347627F145B00036CD0F /* Resources */ = {
			isa = PBXResourcesBuildPhase;
			buildActionMask = 2147483647;
			files = (
				9625CE9E27F2AE55001C0BCB /* LanguageList.plist in Resources */,
				9662348027F145B50036CD0F /* Assets.xcassets in Resources */,
				9662348327F145B50036CD0F /* Main.storyboard in Resources */,
			);
			runOnlyForDeploymentPostprocessing = 0;
		};
/* End PBXResourcesBuildPhase section */

/* Begin PBXSourcesBuildPhase section */
		9662347427F145B00036CD0F /* Sources */ = {
			isa = PBXSourcesBuildPhase;
			buildActionMask = 2147483647;
			files = (
				9662348B27F149EC0036CD0F /* Parser.swift in Sources */,
				9662348D27F14BF70036CD0F /* File.swift in Sources */,
				9662349127F15A450036CD0F /* Translator.swift in Sources */,
				9600988F27F54E11005AF4F0 /* FileFinder.swift in Sources */,
				9625CE9C27F29ABA001C0BCB /* StringFile.swift in Sources */,
				9600989127F55896005AF4F0 /* Date+YFAdd.swift in Sources */,
				9662347E27F145B00036CD0F /* ViewController.swift in Sources */,
				963930E927F1A4230009CAC6 /* ITConstant.swift in Sources */,
				9662347C27F145B00036CD0F /* AppDelegate.swift in Sources */,
			);
			runOnlyForDeploymentPostprocessing = 0;
		};
/* End PBXSourcesBuildPhase section */

/* Begin PBXVariantGroup section */
		9662348127F145B50036CD0F /* Main.storyboard */ = {
			isa = PBXVariantGroup;
			children = (
				9662348227F145B50036CD0F /* Base */,
			);
			name = Main.storyboard;
			sourceTree = "<group>";
		};
/* End PBXVariantGroup section */

/* Begin XCBuildConfiguration section */
		9662348527F145B50036CD0F /* Debug */ = {
			isa = XCBuildConfiguration;
			buildSettings = {
				ALWAYS_SEARCH_USER_PATHS = NO;
				CLANG_ANALYZER_NONNULL = YES;
				CLANG_ANALYZER_NUMBER_OBJECT_CONVERSION = YES_AGGRESSIVE;
				CLANG_CXX_LANGUAGE_STANDARD = "gnu++17";
				CLANG_ENABLE_MODULES = YES;
				CLANG_ENABLE_OBJC_ARC = YES;
				CLANG_ENABLE_OBJC_WEAK = YES;
				CLANG_WARN_BLOCK_CAPTURE_AUTORELEASING = YES;
				CLANG_WARN_BOOL_CONVERSION = YES;
				CLANG_WARN_COMMA = YES;
				CLANG_WARN_CONSTANT_CONVERSION = YES;
				CLANG_WARN_DEPRECATED_OBJC_IMPLEMENTATIONS = YES;
				CLANG_WARN_DIRECT_OBJC_ISA_USAGE = YES_ERROR;
				CLANG_WARN_DOCUMENTATION_COMMENTS = YES;
				CLANG_WARN_EMPTY_BODY = YES;
				CLANG_WARN_ENUM_CONVERSION = YES;
				CLANG_WARN_INFINITE_RECURSION = YES;
				CLANG_WARN_INT_CONVERSION = YES;
				CLANG_WARN_NON_LITERAL_NULL_CONVERSION = YES;
				CLANG_WARN_OBJC_IMPLICIT_RETAIN_SELF = YES;
				CLANG_WARN_OBJC_LITERAL_CONVERSION = YES;
				CLANG_WARN_OBJC_ROOT_CLASS = YES_ERROR;
				CLANG_WARN_QUOTED_INCLUDE_IN_FRAMEWORK_HEADER = YES;
				CLANG_WARN_RANGE_LOOP_ANALYSIS = YES;
				CLANG_WARN_STRICT_PROTOTYPES = YES;
				CLANG_WARN_SUSPICIOUS_MOVE = YES;
				CLANG_WARN_UNGUARDED_AVAILABILITY = YES_AGGRESSIVE;
				CLANG_WARN_UNREACHABLE_CODE = YES;
				CLANG_WARN__DUPLICATE_METHOD_MATCH = YES;
				COPY_PHASE_STRIP = NO;
				DEBUG_INFORMATION_FORMAT = dwarf;
				ENABLE_STRICT_OBJC_MSGSEND = YES;
				ENABLE_TESTABILITY = YES;
				GCC_C_LANGUAGE_STANDARD = gnu11;
				GCC_DYNAMIC_NO_PIC = NO;
				GCC_NO_COMMON_BLOCKS = YES;
				GCC_OPTIMIZATION_LEVEL = 0;
				GCC_PREPROCESSOR_DEFINITIONS = (
					"DEBUG=1",
					"$(inherited)",
				);
				GCC_WARN_64_TO_32_BIT_CONVERSION = YES;
				GCC_WARN_ABOUT_RETURN_TYPE = YES_ERROR;
				GCC_WARN_UNDECLARED_SELECTOR = YES;
				GCC_WARN_UNINITIALIZED_AUTOS = YES_AGGRESSIVE;
				GCC_WARN_UNUSED_FUNCTION = YES;
				GCC_WARN_UNUSED_VARIABLE = YES;
				MACOSX_DEPLOYMENT_TARGET = 12.3;
				MTL_ENABLE_DEBUG_INFO = INCLUDE_SOURCE;
				MTL_FAST_MATH = YES;
				ONLY_ACTIVE_ARCH = YES;
				SDKROOT = macosx;
				SWIFT_ACTIVE_COMPILATION_CONDITIONS = DEBUG;
				SWIFT_OPTIMIZATION_LEVEL = "-Onone";
			};
			name = Debug;
		};
		9662348627F145B50036CD0F /* Release */ = {
			isa = XCBuildConfiguration;
			buildSettings = {
				ALWAYS_SEARCH_USER_PATHS = NO;
				CLANG_ANALYZER_NONNULL = YES;
				CLANG_ANALYZER_NUMBER_OBJECT_CONVERSION = YES_AGGRESSIVE;
				CLANG_CXX_LANGUAGE_STANDARD = "gnu++17";
				CLANG_ENABLE_MODULES = YES;
				CLANG_ENABLE_OBJC_ARC = YES;
				CLANG_ENABLE_OBJC_WEAK = YES;
				CLANG_WARN_BLOCK_CAPTURE_AUTORELEASING = YES;
				CLANG_WARN_BOOL_CONVERSION = YES;
				CLANG_WARN_COMMA = YES;
				CLANG_WARN_CONSTANT_CONVERSION = YES;
				CLANG_WARN_DEPRECATED_OBJC_IMPLEMENTATIONS = YES;
				CLANG_WARN_DIRECT_OBJC_ISA_USAGE = YES_ERROR;
				CLANG_WARN_DOCUMENTATION_COMMENTS = YES;
				CLANG_WARN_EMPTY_BODY = YES;
				CLANG_WARN_ENUM_CONVERSION = YES;
				CLANG_WARN_INFINITE_RECURSION = YES;
				CLANG_WARN_INT_CONVERSION = YES;
				CLANG_WARN_NON_LITERAL_NULL_CONVERSION = YES;
				CLANG_WARN_OBJC_IMPLICIT_RETAIN_SELF = YES;
				CLANG_WARN_OBJC_LITERAL_CONVERSION = YES;
				CLANG_WARN_OBJC_ROOT_CLASS = YES_ERROR;
				CLANG_WARN_QUOTED_INCLUDE_IN_FRAMEWORK_HEADER = YES;
				CLANG_WARN_RANGE_LOOP_ANALYSIS = YES;
				CLANG_WARN_STRICT_PROTOTYPES = YES;
				CLANG_WARN_SUSPICIOUS_MOVE = YES;
				CLANG_WARN_UNGUARDED_AVAILABILITY = YES_AGGRESSIVE;
				CLANG_WARN_UNREACHABLE_CODE = YES;
				CLANG_WARN__DUPLICATE_METHOD_MATCH = YES;
				COPY_PHASE_STRIP = NO;
				DEBUG_INFORMATION_FORMAT = "dwarf-with-dsym";
				ENABLE_NS_ASSERTIONS = NO;
				ENABLE_STRICT_OBJC_MSGSEND = YES;
				GCC_C_LANGUAGE_STANDARD = gnu11;
				GCC_NO_COMMON_BLOCKS = YES;
				GCC_WARN_64_TO_32_BIT_CONVERSION = YES;
				GCC_WARN_ABOUT_RETURN_TYPE = YES_ERROR;
				GCC_WARN_UNDECLARED_SELECTOR = YES;
				GCC_WARN_UNINITIALIZED_AUTOS = YES_AGGRESSIVE;
				GCC_WARN_UNUSED_FUNCTION = YES;
				GCC_WARN_UNUSED_VARIABLE = YES;
				MACOSX_DEPLOYMENT_TARGET = 12.3;
				MTL_ENABLE_DEBUG_INFO = NO;
				MTL_FAST_MATH = YES;
				SDKROOT = macosx;
				SWIFT_COMPILATION_MODE = wholemodule;
				SWIFT_OPTIMIZATION_LEVEL = "-O";
			};
			name = Release;
		};
		9662348827F145B50036CD0F /* Debug */ = {
			isa = XCBuildConfiguration;
			buildSettings = {
				ASSETCATALOG_COMPILER_APPICON_NAME = AppIcon;
				ASSETCATALOG_COMPILER_GLOBAL_ACCENT_COLOR_NAME = AccentColor;
				CODE_SIGN_ENTITLEMENTS = IntlTranslator/IntlTranslator.entitlements;
				CODE_SIGN_IDENTITY = "Apple Development";
				CODE_SIGN_STYLE = Automatic;
				COMBINE_HIDPI_IMAGES = YES;
				CURRENT_PROJECT_VERSION = 1;
				DEVELOPMENT_TEAM = N27SETL2A3;
				GENERATE_INFOPLIST_FILE = YES;
				INFOPLIST_KEY_LSApplicationCategoryType = "public.app-category.developer-tools";
				INFOPLIST_KEY_NSDesktopFolderUsageDescription = "需要访问桌面权限才能导出翻译结果";
				INFOPLIST_KEY_NSDownloadsFolderUsageDescription = "需要访问下载文件夹才能导出翻译结果";
				INFOPLIST_KEY_NSHumanReadableCopyright = "";
				INFOPLIST_KEY_NSLocalNetworkUsageDescription = "需要访问网络才能翻译";
				INFOPLIST_KEY_NSMainStoryboardFile = Main;
				INFOPLIST_KEY_NSPrincipalClass = NSApplication;
				LD_RUNPATH_SEARCH_PATHS = (
					"$(inherited)",
					"@executable_path/../Frameworks",
				);
				MACOSX_DEPLOYMENT_TARGET = 12.0;
				MARKETING_VERSION = 1.0;
				PRODUCT_BUNDLE_IDENTIFIER = cn.evenlin.IntlTranslator;
				PRODUCT_NAME = "$(TARGET_NAME)";
				SWIFT_EMIT_LOC_STRINGS = YES;
				SWIFT_VERSION = 5.0;
			};
			name = Debug;
		};
		9662348927F145B50036CD0F /* Release */ = {
			isa = XCBuildConfiguration;
			buildSettings = {
				ASSETCATALOG_COMPILER_APPICON_NAME = AppIcon;
				ASSETCATALOG_COMPILER_GLOBAL_ACCENT_COLOR_NAME = AccentColor;
				CODE_SIGN_ENTITLEMENTS = IntlTranslator/IntlTranslator.entitlements;
				CODE_SIGN_IDENTITY = "Apple Development";
				CODE_SIGN_STYLE = Automatic;
				COMBINE_HIDPI_IMAGES = YES;
				CURRENT_PROJECT_VERSION = 1;
				DEVELOPMENT_TEAM = N27SETL2A3;
				GENERATE_INFOPLIST_FILE = YES;
				INFOPLIST_KEY_LSApplicationCategoryType = "public.app-category.developer-tools";
				INFOPLIST_KEY_NSDesktopFolderUsageDescription = "需要访问桌面权限才能导出翻译结果";
				INFOPLIST_KEY_NSDownloadsFolderUsageDescription = "需要访问下载文件夹才能导出翻译结果";
				INFOPLIST_KEY_NSHumanReadableCopyright = "";
				INFOPLIST_KEY_NSLocalNetworkUsageDescription = "需要访问网络才能翻译";
				INFOPLIST_KEY_NSMainStoryboardFile = Main;
				INFOPLIST_KEY_NSPrincipalClass = NSApplication;
				LD_RUNPATH_SEARCH_PATHS = (
					"$(inherited)",
					"@executable_path/../Frameworks",
				);
				MACOSX_DEPLOYMENT_TARGET = 12.0;
				MARKETING_VERSION = 1.0;
				PRODUCT_BUNDLE_IDENTIFIER = cn.evenlin.IntlTranslator;
				PRODUCT_NAME = "$(TARGET_NAME)";
				SWIFT_EMIT_LOC_STRINGS = YES;
				SWIFT_VERSION = 5.0;
			};
			name = Release;
		};
/* End XCBuildConfiguration section */

/* Begin XCConfigurationList section */
		9662347327F145B00036CD0F /* Build configuration list for PBXProject "IntlTranslator" */ = {
			isa = XCConfigurationList;
			buildConfigurations = (
				9662348527F145B50036CD0F /* Debug */,
				9662348627F145B50036CD0F /* Release */,
			);
			defaultConfigurationIsVisible = 0;
			defaultConfigurationName = Release;
		};
		9662348727F145B50036CD0F /* Build configuration list for PBXNativeTarget "IntlTranslator" */ = {
			isa = XCConfigurationList;
			buildConfigurations = (
				9662348827F145B50036CD0F /* Debug */,
				9662348927F145B50036CD0F /* Release */,
			);
			defaultConfigurationIsVisible = 0;
			defaultConfigurationName = Release;
		};
/* End XCConfigurationList section */
	};
	rootObject = 9662347027F145B00036CD0F /* Project object */;
}
